// !$*UTF8*$!
{
	archiveVersion = 1;
	classes = {
	};
	objectVersion = 48;
	objects = {

/* Begin PBXBuildFile section */
		F948AE1D1F9F3FA900B4F566 /* AppDelegate.swift in Sources */ = {isa = PBXBuildFile; fileRef = F948AE1C1F9F3FA900B4F566 /* AppDelegate.swift */; };
		F948AE1F1F9F3FA900B4F566 /* ViewController.swift in Sources */ = {isa = PBXBuildFile; fileRef = F948AE1E1F9F3FA900B4F566 /* ViewController.swift */; };
		F948AE221F9F3FA900B4F566 /* Main.storyboard in Resources */ = {isa = PBXBuildFile; fileRef = F948AE201F9F3FA900B4F566 /* Main.storyboard */; };
		F948AE241F9F3FA900B4F566 /* Assets.xcassets in Resources */ = {isa = PBXBuildFile; fileRef = F948AE231F9F3FA900B4F566 /* Assets.xcassets */; };
		F948AE271F9F3FA900B4F566 /* LaunchScreen.storyboard in Resources */ = {isa = PBXBuildFile; fileRef = F948AE251F9F3FA900B4F566 /* LaunchScreen.storyboard */; };
/* End PBXBuildFile section */

/* Begin PBXFileReference section */
		F948AE191F9F3FA900B4F566 /* HideBarSample.app */ = {isa = PBXFileReference; explicitFileType = wrapper.application; includeInIndex = 0; path = HideBarSample.app; sourceTree = BUILT_PRODUCTS_DIR; };
		F948AE1C1F9F3FA900B4F566 /* AppDelegate.swift */ = {isa = PBXFileReference; lastKnownFileType = sourcecode.swift; path = AppDelegate.swift; sourceTree = "<group>"; };
		F948AE1E1F9F3FA900B4F566 /* ViewController.swift */ = {isa = PBXFileReference; lastKnownFileType = sourcecode.swift; path = ViewController.swift; sourceTree = "<group>"; };
		F948AE211F9F3FA900B4F566 /* Base */ = {isa = PBXFileReference; lastKnownFileType = file.storyboard; name = Base; path = Base.lproj/Main.storyboard; sourceTree = "<group>"; };
		F948AE231F9F3FA900B4F566 /* Assets.xcassets */ = {isa = PBXFileReference; lastKnownFileType = folder.assetcatalog; path = Assets.xcassets; sourceTree = "<group>"; };
		F948AE261F9F3FA900B4F566 /* Base */ = {isa = PBXFileReference; lastKnownFileType = file.storyboard; name = Base; path = Base.lproj/LaunchScreen.storyboard; sourceTree = "<group>"; };
		F948AE281F9F3FA900B4F566 /* Info.plist */ = {isa = PBXFileReference; lastKnownFileType = text.plist.xml; path = Info.plist; sourceTree = "<group>"; };
/* End PBXFileReference section */

/* Begin PBXFrameworksBuildPhase section */
		F948AE161F9F3FA900B4F566 /* Frameworks */ = {
			isa = PBXFrameworksBuildPhase;
			buildActionMask = 2147483647;
			files = (
			);
			runOnlyForDeploymentPostprocessing = 0;
		};
/* End PBXFrameworksBuildPhase section */

/* Begin PBXGroup section */
		F948AE101F9F3FA900B4F566 = {
			isa = PBXGroup;
			children = (
				F948AE1B1F9F3FA900B4F566 /* HideBarSample */,
				F948AE1A1F9F3FA900B4F566 /* Products */,
			);
			sourceTree = "<group>";
		};
		F948AE1A1F9F3FA900B4F566 /* Products */ = {
			isa = PBXGroup;
			children = (
				F948AE191F9F3FA900B4F566 /* HideBarSample.app */,
			);
			name = Products;
			sourceTree = "<group>";
		};
		F948AE1B1F9F3FA900B4F566 /* HideBarSample */ = {
			isa = PBXGroup;
			children = (
				F948AE1C1F9F3FA900B4F566 /* AppDelegate.swift */,
				F948AE1E1F9F3FA900B4F566 /* ViewController.swift */,
				F948AE201F9F3FA900B4F566 /* Main.storyboard */,
				F948AE231F9F3FA900B4F566 /* Assets.xcassets */,
				F948AE251F9F3FA900B4F566 /* LaunchScreen.storyboard */,
				F948AE281F9F3FA900B4F566 /* Info.plist */,
			);
			path = HideBarSample;
			sourceTree = "<group>";
		};
/* End PBXGroup section */

/* Begin PBXNativeTarget section */
		F948AE181F9F3FA900B4F566 /* HideBarSample */ = {
			isa = PBXNativeTarget;
			buildConfigurationList = F948AE2B1F9F3FA900B4F566 /* Build configuration list for PBXNativeTarget "HideBarSample" */;
			buildPhases = (
				F948AE151F9F3FA900B4F566 /* Sources */,
				F948AE161F9F3FA900B4F566 /* Frameworks */,
				F948AE171F9F3FA900B4F566 /* Resources */,
			);
			buildRules = (
			);
			dependencies = (
			);
			name = HideBarSample;
			productName = HideBarSample;
			productReference = F948AE191F9F3FA900B4F566 /* HideBarSample.app */;
			productType = "com.apple.product-type.application";
		};
/* End PBXNativeTarget section */

/* Begin PBXProject section */
		F948AE111F9F3FA900B4F566 /* Project object */ = {
			isa = PBXProject;
			attributes = {
				LastSwiftUpdateCheck = 0900;
				LastUpgradeCheck = 0900;
				ORGANIZATIONNAME = LBD;
				TargetAttributes = {
					F948AE181F9F3FA900B4F566 = {
						CreatedOnToolsVersion = 9.0.1;
						ProvisioningStyle = Automatic;
					};
				};
			};
			buildConfigurationList = F948AE141F9F3FA900B4F566 /* Build configuration list for PBXProject "HideBarSample" */;
			compatibilityVersion = "Xcode 8.0";
			developmentRegion = en;
			hasScannedForEncodings = 0;
			knownRegions = (
				en,
				Base,
			);
			mainGroup = F948AE101F9F3FA900B4F566;
			productRefGroup = F948AE1A1F9F3FA900B4F566 /* Products */;
			projectDirPath = "";
			projectRoot = "";
			targets = (
				F948AE181F9F3FA900B4F566 /* HideBarSample */,
			);
		};
/* End PBXProject section */

/* Begin PBXResourcesBuildPhase section */
		F948AE171F9F3FA900B4F566 /* Resources */ = {
			isa = PBXResourcesBuildPhase;
			buildActionMask = 2147483647;
			files = (
				F948AE271F9F3FA900B4F566 /* LaunchScreen.storyboard in Resources */,
				F948AE241F9F3FA900B4F566 /* Assets.xcassets in Resources */,
				F948AE221F9F3FA900B4F566 /* Main.storyboard in Resources */,
			);
			runOnlyForDeploymentPostprocessing = 0;
		};
/* End PBXResourcesBuildPhase section */

/* Begin PBXSourcesBuildPhase section */
		F948AE151F9F3FA900B4F566 /* Sources */ = {
			isa = PBXSourcesBuildPhase;
			buildActionMask = 2147483647;
			files = (
				F948AE1F1F9F3FA900B4F566 /* ViewController.swift in Sources */,
				F948AE1D1F9F3FA900B4F566 /* AppDelegate.swift in Sources */,
			);
			runOnlyForDeploymentPostprocessing = 0;
		};
/* End PBXSourcesBuildPhase section */

/* Begin PBXVariantGroup section */
		F948AE201F9F3FA900B4F566 /* Main.storyboard */ = {
			isa = PBXVariantGroup;
			children = (
				F948AE211F9F3FA900B4F566 /* Base */,
			);
			name = Main.storyboard;
			sourceTree = "<group>";
		};
		F948AE251F9F3FA900B4F566 /* LaunchScreen.storyboard */ = {
			isa = PBXVariantGroup;
			children = (
				F948AE261F9F3FA900B4F566 /* Base */,
			);
			name = LaunchScreen.storyboard;
			sourceTree = "<group>";
		};
/* End PBXVariantGroup section */

/* Begin XCBuildConfiguration section */
		F948AE291F9F3FA900B4F566 /* Debug */ = {
			isa = XCBuildConfiguration;
			buildSettings = {
				ALWAYS_SEARCH_USER_PATHS = NO;
				CLANG_ANALYZER_NONNULL = YES;
				CLANG_ANALYZER_NUMBER_OBJECT_CONVERSION = YES_AGGRESSIVE;
				CLANG_CXX_LANGUAGE_STANDARD = "gnu++14";
				CLANG_CXX_LIBRARY = "libc++";
				CLANG_ENABLE_MODULES = YES;
				CLANG_ENABLE_OBJC_ARC = YES;
				CLANG_WARN_BLOCK_CAPTURE_AUTORELEASING = YES;
				CLANG_WARN_BOOL_CONVERSION = YES;
				CLANG_WARN_COMMA = YES;
				CLANG_WARN_CONSTANT_CONVERSION = YES;
				CLANG_WARN_DIRECT_OBJC_ISA_USAGE = YES_ERROR;
				CLANG_WARN_DOCUMENTATION_COMMENTS = YES;
				CLANG_WARN_EMPTY_BODY = YES;
				CLANG_WARN_ENUM_CONVERSION = YES;
				CLANG_WARN_INFINITE_RECURSION = YES;
				CLANG_WARN_INT_CONVERSION = YES;
				CLANG_WARN_NON_LITERAL_NULL_CONVERSION = YES;
				CLANG_WARN_OBJC_LITERAL_CONVERSION = YES;
				CLANG_WARN_OBJC_ROOT_CLASS = YES_ERROR;
				CLANG_WARN_RANGE_LOOP_ANALYSIS = YES;
				CLANG_WARN_STRICT_PROTOTYPES = YES;
				CLANG_WARN_SUSPICIOUS_MOVE = YES;
				CLANG_WARN_UNGUARDED_AVAILABILITY = YES_AGGRESSIVE;
				CLANG_WARN_UNREACHABLE_CODE = YES;
				CLANG_WARN__DUPLICATE_METHOD_MATCH = YES;
				CODE_SIGN_IDENTITY = "iPhone Developer";
				COPY_PHASE_STRIP = NO;
				DEBUG_INFORMATION_FORMAT = dwarf;
				ENABLE_STRICT_OBJC_MSGSEND = YES;
				ENABLE_TESTABILITY = YES;
				GCC_C_LANGUAGE_STANDARD = gnu11;
				GCC_DYNAMIC_NO_PIC = NO;
				GCC_NO_COMMON_BLOCKS = YES;
				GCC_OPTIMIZATION_LEVEL = 0;
				GCC_PREPROCESSOR_DEFINITIONS = (
					"DEBUG=1",
					"$(inherited)",
				);
				GCC_WARN_64_TO_32_BIT_CONVERSION = YES;
				GCC_WARN_ABOUT_RETURN_TYPE = YES_ERROR;
				GCC_WARN_UNDECLARED_SELECTOR = YES;
				GCC_WARN_UNINITIALIZED_AUTOS = YES_AGGRESSIVE;
				GCC_WARN_UNUSED_FUNCTION = YES;
				GCC_WARN_UNUSED_VARIABLE = YES;
				IPHONEOS_DEPLOYMENT_TARGET = 11.0;
				MTL_ENABLE_DEBUG_INFO = YES;
				ONLY_ACTIVE_ARCH = YES;
				SDKROOT = iphoneos;
				SWIFT_ACTIVE_COMPILATION_CONDITIONS = DEBUG;
				SWIFT_OPTIMIZATION_LEVEL = "-Onone";
			};
			name = Debug;
		};
		F948AE2A1F9F3FA900B4F566 /* Release */ = {
			isa = XCBuildConfiguration;
			buildSettings = {
				ALWAYS_SEARCH_USER_PATHS = NO;
				CLANG_ANALYZER_NONNULL = YES;
				CLANG_ANALYZER_NUMBER_OBJECT_CONVERSION = YES_AGGRESSIVE;
				CLANG_CXX_LANGUAGE_STANDARD = "gnu++14";
				CLANG_CXX_LIBRARY = "libc++";
				CLANG_ENABLE_MODULES = YES;
				CLANG_ENABLE_OBJC_ARC = YES;
				CLANG_WARN_BLOCK_CAPTURE_AUTORELEASING = YES;
				CLANG_WARN_BOOL_CONVERSION = YES;
				CLANG_WARN_COMMA = YES;
				CLANG_WARN_CONSTANT_CONVERSION = YES;
				CLANG_WARN_DIRECT_OBJC_ISA_USAGE = YES_ERROR;
				CLANG_WARN_DOCUMENTATION_COMMENTS = YES;
				CLANG_WARN_EMPTY_BODY = YES;
				CLANG_WARN_ENUM_CONVERSION = YES;
				CLANG_WARN_INFINITE_RECURSION = YES;
				CLANG_WARN_INT_CONVERSION = YES;
				CLANG_WARN_NON_LITERAL_NULL_CONVERSION = YES;
				CLANG_WARN_OBJC_LITERAL_CONVERSION = YES;
				CLANG_WARN_OBJC_ROOT_CLASS = YES_ERROR;
				CLANG_WARN_RANGE_LOOP_ANALYSIS = YES;
				CLANG_WARN_STRICT_PROTOTYPES = YES;
				CLANG_WARN_SUSPICIOUS_MOVE = YES;
				CLANG_WARN_UNGUARDED_AVAILABILITY = YES_AGGRESSIVE;
				CLANG_WARN_UNREACHABLE_CODE = YES;
				CLANG_WARN__DUPLICATE_METHOD_MATCH = YES;
				CODE_SIGN_IDENTITY = "iPhone Developer";
				COPY_PHASE_STRIP = NO;
				DEBUG_INFORMATION_FORMAT = "dwarf-with-dsym";
				ENABLE_NS_ASSERTIONS = NO;
				ENABLE_STRICT_OBJC_MSGSEND = YES;
				GCC_C_LANGUAGE_STANDARD = gnu11;
				GCC_NO_COMMON_BLOCKS = YES;
				GCC_WARN_64_TO_32_BIT_CONVERSION = YES;
				GCC_WARN_ABOUT_RETURN_TYPE = YES_ERROR;
				GCC_WARN_UNDECLARED_SELECTOR = YES;
				GCC_WARN_UNINITIALIZED_AUTOS = YES_AGGRESSIVE;
				GCC_WARN_UNUSED_FUNCTION = YES;
				GCC_WARN_UNUSED_VARIABLE = YES;
				IPHONEOS_DEPLOYMENT_TARGET = 11.0;
				MTL_ENABLE_DEBUG_INFO = NO;
				SDKROOT = iphoneos;
				SWIFT_OPTIMIZATION_LEVEL = "-Owholemodule";
				VALIDATE_PRODUCT = YES;
			};
			name = Release;
		};
		F948AE2C1F9F3FA900B4F566 /* Debug */ = {
			isa = XCBuildConfiguration;
			buildSettings = {
				ASSETCATALOG_COMPILER_APPICON_NAME = AppIcon;
				CODE_SIGN_STYLE = Automatic;
				DEVELOPMENT_TEAM = P9EZG3V6S8;
				INFOPLIST_FILE = HideBarSample/Info.plist;
				LD_RUNPATH_SEARCH_PATHS = "$(inherited) @executable_path/Frameworks";
				PRODUCT_BUNDLE_IDENTIFIER = com.lbd.HideBarSample;
				PRODUCT_NAME = "$(TARGET_NAME)";
				SWIFT_VERSION = 4.0;
				TARGETED_DEVICE_FAMILY = "1,2";
			};
			name = Debug;
		};
		F948AE2D1F9F3FA900B4F566 /* Release */ = {
			isa = XCBuildConfiguration;
			buildSettings = {
				ASSETCATALOG_COMPILER_APPICON_NAME = AppIcon;
				CODE_SIGN_STYLE = Automatic;
				DEVELOPMENT_TEAM = P9EZG3V6S8;
				INFOPLIST_FILE = HideBarSample/Info.plist;
				LD_RUNPATH_SEARCH_PATHS = "$(inherited) @executable_path/Frameworks";
				PRODUCT_BUNDLE_IDENTIFIER = com.lbd.HideBarSample;
				PRODUCT_NAME = "$(TARGET_NAME)";
				SWIFT_VERSION = 4.0;
				TARGETED_DEVICE_FAMILY = "1,2";
			};
			name = Release;
		};
/* End XCBuildConfiguration section */

/* Begin XCConfigurationList section */
		F948AE141F9F3FA900B4F566 /* Build configuration list for PBXProject "HideBarSample" */ = {
			isa = XCConfigurationList;
			buildConfigurations = (
				F948AE291F9F3FA900B4F566 /* Debug */,
				F948AE2A1F9F3FA900B4F566 /* Release */,
			);
			defaultConfigurationIsVisible = 0;
			defaultConfigurationName = Release;
		};
		F948AE2B1F9F3FA900B4F566 /* Build configuration list for PBXNativeTarget "HideBarSample" */ = {
			isa = XCConfigurationList;
			buildConfigurations = (
				F948AE2C1F9F3FA900B4F566 /* Debug */,
				F948AE2D1F9F3FA900B4F566 /* Release */,
			);
			defaultConfigurationIsVisible = 0;
			defaultConfigurationName = Release;
		};
/* End XCConfigurationList section */
	};
	rootObject = F948AE111F9F3FA900B4F566 /* Project object */;
}
